
Microsoft Visual Studio Solution File, Format Version 12.00
# Visual Studio 15
VisualStudioVersion = 15.0.27428.2015
MinimumVisualStudioVersion = 10.0.40219.1
Project("{FAE04EC0-301F-11D3-BF4B-00C04F79EFBC}") = "BSearch", "BSearch\BSearch.csproj", "{0A474FA0-53AF-4570-AD42-41D96C134369}"
EndProject
Global
	GlobalSection(SolutionConfigurationPlatforms) = preSolution
		Debug|Any CPU = Debug|Any CPU
		Release|Any CPU = Release|Any CPU
	EndGlobalSection
	GlobalSection(ProjectConfigurationPlatforms) = postSolution
		{0A474FA0-53AF-4570-AD42-41D96C134369}.Debug|Any CPU.ActiveCfg = Debug|Any CPU
		{0A474FA0-53AF-4570-AD42-41D96C134369}.Debug|Any CPU.Build.0 = Debug|Any CPU
		{0A474FA0-53AF-4570-AD42-41D96C134369}.Release|Any CPU.ActiveCfg = Release|Any CPU
		{0A474FA0-53AF-4570-AD42-41D96C134369}.Release|Any CPU.Build.0 = Release|Any CPU
	EndGlobalSection
	GlobalSection(SolutionProperties) = preSolution
		HideSolutionNode = FALSE
	EndGlobalSection
	GlobalSection(ExtensibilityGlobals) = postSolution
		SolutionGuid = {E4FF6CB1-3F34-4423-8C1A-2787C710A87D}
	EndGlobalSection
EndGlobal
